<?xml version="1.0" encoding="utf-8"?>
<Project ToolsVersion="4.0" xmlns="http://schemas.microsoft.com/developer/msbuild/2003">
  <ItemGroup>
    <Filter Include="Archivos de origen">
      <UniqueIdentifier>{4FC737F1-C7A5-4376-A066-2A32D752A2FF}</UniqueIdentifier>
      <Extensions>cpp;c;cc;cxx;c++;cppm;ixx;def;odl;idl;hpj;bat;asm;asmx</Extensions>
    </Filter>
    <Filter Include="Archivos de encabezado">
      <UniqueIdentifier>{93995380-89BD-4b04-88EB-625FBE52EBFB}</UniqueIdentifier>
      <Extensions>h;hh;hpp;hxx;h++;hm;inl;inc;ipp;xsd</Extensions>
    </Filter>
    <Filter Include="Archivos de recursos">
      <UniqueIdentifier>{67DA6AB6-F800-4c08-8B7A-83BB121AAD01}</UniqueIdentifier>
      <Extensions>rc;ico;cur;bmp;dlg;rc2;rct;bin;rgs;gif;jpg;jpeg;jpe;resx;tiff;tif;png;wav;mfcribbon-ms</Extensions>
    </Filter>
    <Filter Include="Scripts">
      <UniqueIdentifier>{965e8be6-78e5-4a3d-a5f4-a61d6259a350}</UniqueIdentifier>
    </Filter>
  </ItemGroup>
  <ItemGroup>
    <ClCompile Include="../../Assets/Scripts/Enemies/Enemy.cpp">
      <Filter>Archivos de origen</Filter>
    </ClCompile>
    <ClCompile Include="../../Assets/Scripts/CamMov.cpp">
      <Filter>Archivos de origen</Filter>
    </ClCompile>
    <ClCompile Include="../../Assets/Scripts/SwapCam.cpp">
      <Filter>Archivos de origen</Filter>
    </ClCompile>
    <ClCompile Include="../../Assets/Scripts/StarShipCamMov.cpp">
      <Filter>Archivos de origen</Filter>
    </ClCompile>
    <ClCompile Include="../../Assets/Scripts/Shooting/PlayerGunManager.cpp">
      <Filter>Archivos de origen</Filter>
    </ClCompile>
    <ClCompile Include="../../Assets/Scripts/Shooting/PlayerGun.cpp">
      <Filter>Archivos de origen</Filter>
    </ClCompile>
    <ClCompile Include="../../Assets/Scripts/Shooting/PlayerGunType.cpp">
      <Filter>Archivos de origen</Filter>
    </ClCompile>
    <ClCompile Include="../../Assets/Scripts/Shooting/ProjectilePull.cpp">
      <Filter>Archivos de origen</Filter>
    </ClCompile>
    <ClCompile Include="../../Assets/Scripts/Shooting/Projectile.cpp">
      <Filter>Archivos de origen</Filter>
    </ClCompile>
    <ClCompile Include="../../Assets/Scripts/RotateContiniously.cpp">
      <Filter>Archivos de origen</Filter>
    </ClCompile>
    <ClCompile Include="../../Assets/Scripts/UI Test folder/ButtonActionsTest.cpp">
      <Filter>Archivos de origen</Filter>
    </ClCompile>
    <ClCompile Include="../../Assets/Scripts/UI Test folder/PauseMenu.cpp">
      <Filter>Archivos de origen</Filter>
    </ClCompile>
    <ClCompile Include="../../Assets/Scripts/UI Test folder/Rotation.cpp">
      <Filter>Archivos de origen</Filter>
    </ClCompile>
    <ClCompile Include="../../Assets/Scripts/MenuButtons.cpp" />
    <ClCompile Include="..\..\Assets\Scripts\Shooting\Guns\PlayerSemiAuto.cpp">
      <Filter>Archivos de origen</Filter>
    </ClCompile>
    <ClCompile Include="..\..\Assets\Scripts\Player\PlayerStats.cpp">
      <Filter>Archivos de origen</Filter>
    </ClCompile>
    <ClCompile Include="..\..\Assets\Scripts\Enemies\EnemyMeleeMovement.cpp">
      <Filter>Archivos de origen</Filter>
    </ClCompile>
    <ClCompile Include="..\..\Assets\Scripts\Player\PlayerMove.cpp">
      <Filter>Archivos de origen</Filter>
    </ClCompile>
    <ClCompile Include="..\..\Assets\Scripts\Shooting\Guns\PlayerAutomatic.cpp">
      <Filter>Archivos de origen</Filter>
    </ClCompile>
    <ClCompile Include="..\..\Assets\Scripts\Shooting\Guns\PlayerBurst.cpp">
      <Filter>Archivos de origen</Filter>
    </ClCompile>
    <ClCompile Include="..\..\Assets\Scripts\Shooting\Guns\PlayerDuals.cpp">
      <Filter>Archivos de origen</Filter>
    </ClCompile>
    <ClCompile Include="..\..\Assets\Scripts\Shooting\Guns\PlayerFlamethrower.cpp">
      <Filter>Archivos de origen</Filter>
    </ClCompile>
    <ClCompile Include="..\..\Assets\Scripts\Shooting\Guns\PlayerRicochet.cpp">
      <Filter>Archivos de origen</Filter>
    </ClCompile>
    <ClCompile Include="..\..\Assets\Scripts\Shooting\Guns\PlayerShotgun.cpp">
      <Filter>Archivos de origen</Filter>
    </ClCompile>
    <ClCompile Include="../../Assets/Scripts/PauseButtons.cpp">
      <Filter>Archivos de origen</Filter>
    </ClCompile>
    <ClCompile Include="../../Assets/Scripts/GamepadButtons.cpp">
      <Filter>Archivos de origen</Filter>
    </ClCompile>
    <ClCompile Include="../../Assets/Scripts/UI Test folder/Movment_Bar.cpp">
      <Filter>Archivos de origen</Filter>
    </ClCompile>
    <ClCompile Include="../../Assets/Scripts/UI Test folder/SwapWeapon.cpp">
      <Filter>Archivos de origen</Filter>
    </ClCompile>
    <ClCompile Include="../../Assets/Scripts/UI Test folder/Movment_Bar_HP.cpp">
      <Filter>Archivos de origen</Filter>
    </ClCompile>
    <ClCompile Include="..\..\Assets\Scripts\UI Test folder\HpBar.cpp">
      <Filter>Archivos de origen</Filter>
    </ClCompile>
    <ClCompile Include="..\..\Assets\Scripts\UI Test folder\DashUI.cpp">
      <Filter>Archivos de origen</Filter>
    </ClCompile>
    <ClCompile Include="..\..\Assets\Scripts\LevelEndTrigger.cpp">
      <Filter>Archivos de origen</Filter>
    </ClCompile>
    <ClCompile Include="..\..\Assets\Scripts\UI Test folder\UIManager.cpp">
      <Filter>Archivos de origen</Filter>
    </ClCompile>
    <ClCompile Include="..\..\Assets\Scripts\Enemies\EnemyRanger.cpp">
      <Filter>Archivos de origen</Filter>
    </ClCompile>
    <ClCompile Include="..\..\Assets\Scripts\Player\Temp_Teleporter.cpp">
      <Filter>Archivos de origen</Filter>
    </ClCompile>
    <ClCompile Include="../../Assets/Scripts/Player/PlayerUltimate.cpp">
      <Filter>Archivos de origen</Filter>
    </ClCompile>
    <ClCompile Include="..\..\Assets\Scripts\InteractiveEnviroment\GoToLevelTrigger.cpp">
      <Filter>Archivos de origen</Filter>
    </ClCompile>
    <ClCompile Include="../../Assets/Scripts/Shooting/Guns/PlayerHandgun.cpp">
      <Filter>Archivos de origen</Filter>
    </ClCompile>
    <ClCompile Include="../../Assets/temp/TestAPI.cpp">
      <Filter>Archivos de origen</Filter>
    </ClCompile>
    <ClCompile Include="../../Assets/Scripts/UsefulScripts/SetAllChildsTag.cpp">
      <Filter>Archivos de origen</Filter>
    </ClCompile>
    <ClCompile Include="../../Assets/Scripts/Enemies/EnemyDropManager.cpp">
      <Filter>Archivos de origen</Filter>
    </ClCompile>
    <ClCompile Include="../../Assets/Scripts/Enemies/EnemyDrop.cpp">
      <Filter>Archivos de origen</Filter>
    </ClCompile>
    <ClCompile Include="../../Assets/Scripts/Quests/Secondary_Quests/Mision_Masacre.cpp">
      <Filter>Archivos de origen</Filter>
    </ClCompile>
    <ClCompile Include="../../Assets/Scripts/InteractiveEnviroment/Chest.cpp">
      <Filter>Archivos de origen</Filter>
    </ClCompile>
    <ClCompile Include="..\..\Assets\Scripts\Enemies\EnemyProjectile.cpp">
      <Filter>Archivos de origen</Filter>
    </ClCompile>
    <ClCompile Include="..\..\Assets\Scripts\Enemies\EnemyProjectilePull.cpp">
      <Filter>Archivos de origen</Filter>
    </ClCompile>
    <ClCompile Include="..\..\Assets\Scripts\Enemies\EnemyGuns\EnemyAutomatic.cpp">
      <Filter>Archivos de origen</Filter>
    </ClCompile>
    <ClCompile Include="..\..\Assets\Scripts\EbonyMaw\BossAttacks.cpp">
      <Filter>Archivos de origen</Filter>
    </ClCompile>
    <ClCompile Include="..\..\Assets\Scripts\EbonyMaw\BossLoop.cpp">
      <Filter>Archivos de origen</Filter>
    </ClCompile>
    <ClCompile Include="..\..\Assets\Scripts\EbonyMaw\BossMovement.cpp">
      <Filter>Archivos de origen</Filter>
    </ClCompile>
    <ClCompile Include="..\..\Assets\Scripts\EbonyMaw\RockDivider.cpp">
      <Filter>Archivos de origen</Filter>
    </ClCompile>
    <ClCompile Include="..\..\Assets\Scripts\EbonyMaw\Stone.cpp">
      <Filter>Archivos de origen</Filter>
    </ClCompile>
    <ClCompile Include="../../Assets/Scripts/Enemies/EnemyGun.cpp">
      <Filter>Archivos de origen</Filter>
    </ClCompile>
    <ClCompile Include="../../Assets/Scripts/InteractiveEnviroment/TP_Cabin.cpp">
      <Filter>Archivos de origen</Filter>
    </ClCompile>
    <ClCompile Include="../../Assets/Scripts/InteractiveEnviroment/SmokeExtractorTrap.cpp">
      <Filter>Archivos de origen</Filter>
    </ClCompile>
    <ClCompile Include="..\..\Assets\Scripts\Level2FinalText.cpp">
      <Filter>Archivos de origen</Filter>
    </ClCompile>
    <ClCompile Include="..\..\Assets\Scripts\Level2EndTrigger.cpp">
      <Filter>Archivos de origen</Filter>
    </ClCompile>
    <ClCompile Include="..\..\Assets\Scripts\UI Test folder\ScoreScreen.cpp">
      <Filter>Archivos de origen</Filter>
    </ClCompile>
    <ClCompile Include="..\..\Assets\Scripts\InteractiveEnviroment\EnemyMeleeSpawner.cpp">
      <Filter>Archivos de origen</Filter>
    </ClCompile>
  </ItemGroup>
  <ItemGroup>
    <ClInclude Include="Macro.h">
      <Filter>Archivos de encabezado</Filter>
    </ClInclude>
    <ClInclude Include="../../Assets/Scripts/Enemies/Enemy.h">
      <Filter>Archivos de encabezado</Filter>
    </ClInclude>
    <ClInclude Include="../../Assets/Scripts/CamMov.h">
      <Filter>Archivos de encabezado</Filter>
    </ClInclude>
    <ClInclude Include="../../Assets/Scripts/SwapCam.h">
      <Filter>Archivos de encabezado</Filter>
    </ClInclude>
    <ClInclude Include="../../Assets/Scripts/StarShipCamMov.h">
      <Filter>Archivos de encabezado</Filter>
    </ClInclude>
    <ClInclude Include="../../Assets/Scripts/Shooting/PlayerGunManager.h">
      <Filter>Archivos de encabezado</Filter>
    </ClInclude>
    <ClInclude Include="../../Assets/Scripts/Shooting/PlayerGun.h">
      <Filter>Archivos de encabezado</Filter>
    </ClInclude>
    <ClInclude Include="../../Assets/Scripts/Shooting/PlayerGunType.h">
      <Filter>Archivos de encabezado</Filter>
    </ClInclude>
    <ClInclude Include="../../Assets/Scripts/Shooting/ProjectilePull.h">
      <Filter>Archivos de encabezado</Filter>
    </ClInclude>
    <ClInclude Include="../../Assets/Scripts/Shooting/Projectile.h">
      <Filter>Archivos de encabezado</Filter>
    </ClInclude>
    <ClInclude Include="../../Assets/Scripts/RotateContiniously.h">
      <Filter>Archivos de encabezado</Filter>
    </ClInclude>
    <ClInclude Include="../../Assets/Scripts/UI Test folder/ButtonActionsTest.h">
      <Filter>Archivos de encabezado</Filter>
    </ClInclude>
    <ClInclude Include="../../Assets/Scripts/UI Test folder/PauseMenu.h">
      <Filter>Archivos de encabezado</Filter>
    </ClInclude>
    <ClInclude Include="../../Assets/Scripts/UI Test folder/Rotation.h">
      <Filter>Archivos de encabezado</Filter>
    </ClInclude>
    <ClInclude Include="../../Assets/Scripts/MenuButtons.h" />
    <ClInclude Include="..\..\Assets\Scripts\Shooting\Guns\PlayerSemiAuto.h">
      <Filter>Archivos de encabezado</Filter>
    </ClInclude>
    <ClInclude Include="..\..\Assets\Scripts\Player\PlayerStats.h">
      <Filter>Archivos de encabezado</Filter>
    </ClInclude>
    <ClInclude Include="..\..\Assets\Scripts\Enemies\EnemyMeleeMovement.h">
      <Filter>Archivos de encabezado</Filter>
    </ClInclude>
    <ClInclude Include="..\..\Assets\Scripts\Player\PlayerMove.h">
      <Filter>Archivos de encabezado</Filter>
    </ClInclude>
    <ClInclude Include="..\..\Assets\Scripts\Shooting\Guns\PlayerAutomatic.h">
      <Filter>Archivos de encabezado</Filter>
    </ClInclude>
    <ClInclude Include="..\..\Assets\Scripts\Shooting\Guns\PlayerBurst.h">
      <Filter>Archivos de encabezado</Filter>
    </ClInclude>
    <ClInclude Include="..\..\Assets\Scripts\Shooting\Guns\PlayerDuals.h">
      <Filter>Archivos de encabezado</Filter>
    </ClInclude>
    <ClInclude Include="..\..\Assets\Scripts\Shooting\Guns\PlayerFlamethrower.h">
      <Filter>Archivos de encabezado</Filter>
    </ClInclude>
    <ClInclude Include="..\..\Assets\Scripts\Shooting\Guns\PlayerRicochet.h">
      <Filter>Archivos de encabezado</Filter>
    </ClInclude>
    <ClInclude Include="..\..\Assets\Scripts\Shooting\Guns\PlayerShotgun.h">
      <Filter>Archivos de encabezado</Filter>
    </ClInclude>
    <ClInclude Include="../../Assets/Scripts/PauseButtons.h">
      <Filter>Archivos de encabezado</Filter>
    </ClInclude>
    <ClInclude Include="../../Assets/Scripts/GamepadButtons.h">
      <Filter>Archivos de encabezado</Filter>
    </ClInclude>
    <ClInclude Include="../../Assets/Scripts/UI Test folder/Movment_Bar.h">
      <Filter>Archivos de encabezado</Filter>
    </ClInclude>
    <ClInclude Include="../../Assets/Scripts/UI Test folder/SwapWeapon.h">
      <Filter>Archivos de encabezado</Filter>
    </ClInclude>
    <ClInclude Include="../../Assets/Scripts/UI Test folder/Movment_Bar_HP.h">
      <Filter>Archivos de encabezado</Filter>
    </ClInclude>
    <ClInclude Include="..\..\Assets\Scripts\UI Test folder\HpBar.h">
      <Filter>Archivos de encabezado</Filter>
    </ClInclude>
    <ClInclude Include="..\..\Assets\Scripts\UI Test folder\DashUI.h">
      <Filter>Archivos de encabezado</Filter>
    </ClInclude>
    <ClInclude Include="..\..\Assets\Scripts\LevelEndTrigger.h">
      <Filter>Archivos de encabezado</Filter>
    </ClInclude>
    <ClInclude Include="..\..\Assets\Scripts\UI Test folder\UIManager.h">
      <Filter>Archivos de encabezado</Filter>
    </ClInclude>
    <ClInclude Include="..\..\Assets\Scripts\Enemies\EnemyRanger.h">
      <Filter>Archivos de encabezado</Filter>
    </ClInclude>
    <ClInclude Include="..\..\Assets\Scripts\Player\Temp_Teleporter.h">
      <Filter>Archivos de encabezado</Filter>
    </ClInclude>
    <ClInclude Include="../../Assets/Scripts/Player/PlayerUltimate.h">
      <Filter>Archivos de encabezado</Filter>
    </ClInclude>
    <ClInclude Include="..\..\Assets\Scripts\InteractiveEnviroment\GoToLevelTrigger.h">
      <Filter>Archivos de encabezado</Filter>
    </ClInclude>
    <ClInclude Include="../../Assets/Scripts/Shooting/Guns/PlayerHandgun.h">
      <Filter>Archivos de encabezado</Filter>
    </ClInclude>
    <ClInclude Include="../../Assets/temp/TestAPI.h">
      <Filter>Archivos de encabezado</Filter>
    </ClInclude>
    <ClInclude Include="../../Assets/Scripts/UsefulScripts/SetAllChildsTag.h">
      <Filter>Archivos de encabezado</Filter>
    </ClInclude>
    <ClInclude Include="../../Assets/Scripts/Enemies/EnemyDropManager.h">
      <Filter>Archivos de encabezado</Filter>
    </ClInclude>
    <ClInclude Include="../../Assets/Scripts/Enemies/EnemyDrop.h">
      <Filter>Archivos de encabezado</Filter>
    </ClInclude>
    <ClInclude Include="../../Assets/Scripts/Quests/Secondary_Quests/Mision_Masacre.h">
      <Filter>Archivos de encabezado</Filter>
    </ClInclude>
    <ClInclude Include="../../Assets/Scripts/InteractiveEnviroment/Chest.h">
      <Filter>Archivos de encabezado</Filter>
    </ClInclude>
    <ClInclude Include="..\..\Assets\Scripts\Enemies\EnemyProjectile.h">
      <Filter>Archivos de encabezado</Filter>
    </ClInclude>
    <ClInclude Include="..\..\Assets\Scripts\Enemies\EnemyProjectilePull.h">
      <Filter>Archivos de encabezado</Filter>
    </ClInclude>
    <ClInclude Include="..\..\Assets\Scripts\Enemies\EnemyGuns\EnemyAutomatic.h">
      <Filter>Archivos de encabezado</Filter>
    </ClInclude>
    <ClInclude Include="..\..\Assets\Scripts\EbonyMaw\BossAttacks.h">
      <Filter>Archivos de encabezado</Filter>
    </ClInclude>
    <ClInclude Include="..\..\Assets\Scripts\EbonyMaw\BossLoop.h">
      <Filter>Archivos de encabezado</Filter>
    </ClInclude>
    <ClInclude Include="..\..\Assets\Scripts\EbonyMaw\BossMovement.h">
      <Filter>Archivos de encabezado</Filter>
    </ClInclude>
    <ClInclude Include="..\..\Assets\Scripts\EbonyMaw\RockDivider.h">
      <Filter>Archivos de encabezado</Filter>
    </ClInclude>
    <ClInclude Include="..\..\Assets\Scripts\EbonyMaw\Stone.h">
      <Filter>Archivos de encabezado</Filter>
    </ClInclude>
    <ClInclude Include="../../Assets/Scripts/Enemies/EnemyGun.h">
      <Filter>Archivos de encabezado</Filter>
    </ClInclude>
    <ClInclude Include="../../Assets/Scripts/InteractiveEnviroment/TP_Cabin.h">
      <Filter>Archivos de encabezado</Filter>
    </ClInclude>
    <ClInclude Include="../../Assets/Scripts/InteractiveEnviroment/SmokeExtractorTrap.h">
      <Filter>Archivos de encabezado</Filter>
    </ClInclude>
    <ClInclude Include="..\..\Assets\Scripts\Level2FinalText.h">
      <Filter>Archivos de encabezado</Filter>
    </ClInclude>
    <ClInclude Include="..\..\Assets\Scripts\Level2EndTrigger.h">
      <Filter>Archivos de encabezado</Filter>
    </ClInclude>
    <ClInclude Include="..\..\Assets\Scripts\UI Test folder\ScoreScreen.h">
      <Filter>Archivos de encabezado</Filter>
    </ClInclude>
    <ClInclude Include="..\..\Assets\Scripts\InteractiveEnviroment\EnemyMeleeSpawner.h">
      <Filter>Archivos de encabezado</Filter>
    </ClInclude>
  </ItemGroup>
</Project>