<?xml version="1.0" encoding="utf-8"?>
<Project ToolsVersion="4.0" xmlns="http://schemas.microsoft.com/developer/msbuild/2003">
  <ItemGroup>
    <Filter Include="Archivos de origen">
      <UniqueIdentifier>{4FC737F1-C7A5-4376-A066-2A32D752A2FF}</UniqueIdentifier>
      <Extensions>cpp;c;cc;cxx;c++;cppm;ixx;def;odl;idl;hpj;bat;asm;asmx</Extensions>
    </Filter>
    <Filter Include="Archivos de encabezado">
      <UniqueIdentifier>{93995380-89BD-4b04-88EB-625FBE52EBFB}</UniqueIdentifier>
      <Extensions>h;hh;hpp;hxx;h++;hm;inl;inc;ipp;xsd</Extensions>
    </Filter>
    <Filter Include="Archivos de recursos">
      <UniqueIdentifier>{67DA6AB6-F800-4c08-8B7A-83BB121AAD01}</UniqueIdentifier>
      <Extensions>rc;ico;cur;bmp;dlg;rc2;rct;bin;rgs;gif;jpg;jpeg;jpe;resx;tiff;tif;png;wav;mfcribbon-ms</Extensions>
    </Filter>
    <Filter Include="Scripts">
      <UniqueIdentifier>{965e8be6-78e5-4a3d-a5f4-a61d6259a350}</UniqueIdentifier>
    </Filter>
  </ItemGroup>
  <ItemGroup>
    <ClCompile Include="../../Assets/Scripts/transformTest.cpp">
      <Filter>Archivos de origen</Filter>
    </ClCompile>
    <ClCompile Include="../../Assets/Scripts/BulletBehavior.cpp">
      <Filter>Archivos de origen</Filter>
    </ClCompile>
    <ClCompile Include="../../Assets/Scripts/InspectorTest.cpp">
      <Filter>Archivos de origen</Filter>
    </ClCompile>
    <ClCompile Include="../../Assets/Scripts/Creationtest.cpp">
      <Filter>Archivos de origen</Filter>
    </ClCompile>
    <ClCompile Include="../../Assets/Scripts/TestCompile.cpp">
      <Filter>Archivos de origen</Filter>
    </ClCompile>
    <ClCompile Include="../../Assets/Scripts/Test2.cpp">
      <Filter>Archivos de origen</Filter>
    </ClCompile>
    <ClCompile Include="../../Assets/Scripts/Test3.cpp">
      <Filter>Archivos de origen</Filter>
    </ClCompile>
    <ClCompile Include="../../Assets/Scripts/Test4.cpp">
      <Filter>Archivos de origen</Filter>
    </ClCompile>
    <ClCompile Include="../../Assets/Scripts/Tst5.cpp">
      <Filter>Archivos de origen</Filter>
    </ClCompile>
    <ClCompile Include="../../Assets/Scripts/Test15.cpp">
      <Filter>Archivos de origen</Filter>
    </ClCompile>
    <ClCompile Include="../../Assets/Scripts/Test22.cpp">
      <Filter>Archivos de origen</Filter>
    </ClCompile>
    <ClCompile Include="../../Assets/Scripts/newScriptt.cpp">
      <Filter>Archivos de origen</Filter>
    </ClCompile>
    <ClCompile Include="../../Assets/Scripts/otherNewScript.cpp">
      <Filter>Archivos de origen</Filter>
    </ClCompile>
    <ClCompile Include="../../Assets/Scripts/test22222.cpp">
      <Filter>Archivos de origen</Filter>
    </ClCompile>
    <ClCompile Include="../../Assets/Scripts/test1235432.cpp">
      <Filter>Archivos de origen</Filter>
    </ClCompile>
    <ClCompile Include="../../Assets/Scripts/NewTestCompile.cpp">
      <Filter>Archivos de origen</Filter>
    </ClCompile>
    <ClCompile Include="../../Assets/Scripts/compilingTest2.cpp">
      <Filter>Archivos de origen</Filter>
    </ClCompile>
    <ClCompile Include="../../Assets/Scripts/CompilingTest3.cpp">
      <Filter>Archivos de origen</Filter>
    </ClCompile>
    <ClCompile Include="../../Assets/Scripts/test433465.cpp">
      <Filter>Archivos de origen</Filter>
    </ClCompile>
    <ClCompile Include="../../Assets/Scripts/testttttt.cpp">
      <Filter>Archivos de origen</Filter>
    </ClCompile>
    <ClCompile Include="../../Assets/Scripts/asdasdad.cpp">
      <Filter>Archivos de origen</Filter>
    </ClCompile>
    <ClCompile Include="../../Assets/Scripts/asdgsga546.cpp">
      <Filter>Archivos de origen</Filter>
    </ClCompile>
    <ClCompile Include="../../Assets/Scripts/asdasfdasd23423424.cpp">
      <Filter>Archivos de origen</Filter>
    </ClCompile>
    <ClCompile Include="../../Assets/Scripts/newscruiuiu.cpp">
      <Filter>Archivos de origen</Filter>
    </ClCompile>
    <ClCompile Include="../../Assets/Scripts/finalTest.cpp">
      <Filter>Archivos de origen</Filter>
    </ClCompile>
    <ClCompile Include="../../Assets/Scripts/test534654.cpp">
      <Filter>Archivos de origen</Filter>
    </ClCompile>
    <ClCompile Include="../../Assets/Scripts/fdsfdsfdsf.cpp">
      <Filter>Archivos de origen</Filter>
    </ClCompile>
    <ClCompile Include="../../Assets/Scripts/adadadadad.cpp">
      <Filter>Archivos de origen</Filter>
    </ClCompile>
  </ItemGroup>
  <ItemGroup>
    <ClInclude Include="Macro.h">
      <Filter>Archivos de encabezado</Filter>
    </ClInclude>
    <ClInclude Include="../../Assets/Scripts/transformTest.h">
      <Filter>Archivos de encabezado</Filter>
    </ClInclude>
    <ClInclude Include="../../Assets/Scripts/BulletBehavior.h">
      <Filter>Archivos de encabezado</Filter>
    </ClInclude>
    <ClInclude Include="../../Assets/Scripts/InspectorTest.h">
      <Filter>Archivos de encabezado</Filter>
    </ClInclude>
    <ClInclude Include="../../Assets/Scripts/Creationtest.h">
      <Filter>Archivos de encabezado</Filter>
    </ClInclude>
    <ClInclude Include="../../Assets/Scripts/TestCompile.h">
      <Filter>Archivos de encabezado</Filter>
    </ClInclude>
    <ClInclude Include="../../Assets/Scripts/Test2.h">
      <Filter>Archivos de encabezado</Filter>
    </ClInclude>
    <ClInclude Include="../../Assets/Scripts/Test3.h">
      <Filter>Archivos de encabezado</Filter>
    </ClInclude>
    <ClInclude Include="../../Assets/Scripts/Test4.h">
      <Filter>Archivos de encabezado</Filter>
    </ClInclude>
    <ClInclude Include="../../Assets/Scripts/Tst5.h">
      <Filter>Archivos de encabezado</Filter>
    </ClInclude>
    <ClInclude Include="../../Assets/Scripts/Test15.h">
      <Filter>Archivos de encabezado</Filter>
    </ClInclude>
    <ClInclude Include="../../Assets/Scripts/Test22.h">
      <Filter>Archivos de encabezado</Filter>
    </ClInclude>
    <ClInclude Include="../../Assets/Scripts/newScriptt.h">
      <Filter>Archivos de encabezado</Filter>
    </ClInclude>
    <ClInclude Include="../../Assets/Scripts/otherNewScript.h">
      <Filter>Archivos de encabezado</Filter>
    </ClInclude>
    <ClInclude Include="../../Assets/Scripts/test22222.h">
      <Filter>Archivos de encabezado</Filter>
    </ClInclude>
    <ClInclude Include="../../Assets/Scripts/test1235432.h">
      <Filter>Archivos de encabezado</Filter>
    </ClInclude>
    <ClInclude Include="../../Assets/Scripts/NewTestCompile.h">
      <Filter>Archivos de encabezado</Filter>
    </ClInclude>
    <ClInclude Include="../../Assets/Scripts/compilingTest2.h">
      <Filter>Archivos de encabezado</Filter>
    </ClInclude>
    <ClInclude Include="../../Assets/Scripts/CompilingTest3.h">
      <Filter>Archivos de encabezado</Filter>
    </ClInclude>
    <ClInclude Include="../../Assets/Scripts/test433465.h">
      <Filter>Archivos de encabezado</Filter>
    </ClInclude>
    <ClInclude Include="../../Assets/Scripts/testttttt.h">
      <Filter>Archivos de encabezado</Filter>
    </ClInclude>
    <ClInclude Include="../../Assets/Scripts/asdasdad.h">
      <Filter>Archivos de encabezado</Filter>
    </ClInclude>
    <ClInclude Include="../../Assets/Scripts/asdgsga546.h">
      <Filter>Archivos de encabezado</Filter>
    </ClInclude>
    <ClInclude Include="../../Assets/Scripts/asdasfdasd23423424.h">
      <Filter>Archivos de encabezado</Filter>
    </ClInclude>
    <ClInclude Include="../../Assets/Scripts/newscruiuiu.h">
      <Filter>Archivos de encabezado</Filter>
    </ClInclude>
    <ClInclude Include="../../Assets/Scripts/finalTest.h">
      <Filter>Archivos de encabezado</Filter>
    </ClInclude>
    <ClInclude Include="../../Assets/Scripts/test534654.h">
      <Filter>Archivos de encabezado</Filter>
    </ClInclude>
    <ClInclude Include="../../Assets/Scripts/fdsfdsfdsf.h">
      <Filter>Archivos de encabezado</Filter>
    </ClInclude>
    <ClInclude Include="../../Assets/Scripts/adadadadad.h">
      <Filter>Archivos de encabezado</Filter>
    </ClInclude>
  </ItemGroup>
</Project>