<?xml version="1.0" encoding="utf-8"?>
<Project ToolsVersion="4.0" xmlns="http://schemas.microsoft.com/developer/msbuild/2003">
  <ItemGroup>
    <Filter Include="Archivos de origen">
      <UniqueIdentifier>{4FC737F1-C7A5-4376-A066-2A32D752A2FF}</UniqueIdentifier>
      <Extensions>cpp;c;cc;cxx;c++;cppm;ixx;def;odl;idl;hpj;bat;asm;asmx</Extensions>
    </Filter>
    <Filter Include="Archivos de encabezado">
      <UniqueIdentifier>{93995380-89BD-4b04-88EB-625FBE52EBFB}</UniqueIdentifier>
      <Extensions>h;hh;hpp;hxx;h++;hm;inl;inc;ipp;xsd</Extensions>
    </Filter>
    <Filter Include="Archivos de recursos">
      <UniqueIdentifier>{67DA6AB6-F800-4c08-8B7A-83BB121AAD01}</UniqueIdentifier>
      <Extensions>rc;ico;cur;bmp;dlg;rc2;rct;bin;rgs;gif;jpg;jpeg;jpe;resx;tiff;tif;png;wav;mfcribbon-ms</Extensions>
    </Filter>
    <Filter Include="Scripts">
      <UniqueIdentifier>{965e8be6-78e5-4a3d-a5f4-a61d6259a350}</UniqueIdentifier>
    </Filter>
  </ItemGroup>
  <ItemGroup>
    <ClCompile Include="../../Assets/Scripts/transformTest.cpp">
      <Filter>Archivos de origen</Filter>
    </ClCompile>
    <ClCompile Include="../../Assets/Scripts/BulletBehavior.cpp">
      <Filter>Archivos de origen</Filter>
    </ClCompile>
    <ClCompile Include="../../Assets/Scripts/TankScript.cpp">
      <Filter>Archivos de origen</Filter>
    </ClCompile>
    <ClCompile Include="../../Assets/Scripts/HouseBehavior.cpp">
      <Filter>Archivos de origen</Filter>
    </ClCompile>
    <ClCompile Include="../../Assets/Scripts/GamePadTest.cpp">
      <Filter>Archivos de origen</Filter>
    </ClCompile>
    <ClCompile Include="../../Assets/Scripts/PlayerKeyboardMovement.cpp">
      <Filter>Archivos de origen</Filter>
    </ClCompile>
    <ClCompile Include="../../Assets/Scripts/PlayerGamepadMovement.cpp">
      <Filter>Archivos de origen</Filter>
    </ClCompile>
    <ClCompile Include="../../Assets/Scripts/Enemies/Enemy.cpp">
      <Filter>Archivos de origen</Filter>
    </ClCompile>
    <ClCompile Include="../../Assets/Scripts/CollisionTestScript.cpp">
      <Filter>Archivos de origen</Filter>
    </ClCompile>
    <ClCompile Include="../../Assets/Scripts/CamMov.cpp">
      <Filter>Archivos de origen</Filter>
    </ClCompile>
    <ClCompile Include="../../Assets/Scripts/SwapCam.cpp">
      <Filter>Archivos de origen</Filter>
    </ClCompile>
    <ClCompile Include="../../Assets/Scripts/StarShipCamMov.cpp">
      <Filter>Archivos de origen</Filter>
    </ClCompile>
    <ClCompile Include="../../Assets/Scripts/Shooting/PlayerGunManager.cpp">
      <Filter>Archivos de origen</Filter>
    </ClCompile>
    <ClCompile Include="../../Assets/Scripts/Shooting/PlayerGun.cpp">
      <Filter>Archivos de origen</Filter>
    </ClCompile>
    <ClCompile Include="../../Assets/Scripts/Shooting/PlayerGunType.cpp">
      <Filter>Archivos de origen</Filter>
    </ClCompile>
    <ClCompile Include="../../Assets/Scripts/Shooting/ProjectilePull.cpp">
      <Filter>Archivos de origen</Filter>
    </ClCompile>
    <ClCompile Include="../../Assets/Scripts/Shooting/Projectile.cpp">
      <Filter>Archivos de origen</Filter>
    </ClCompile>
    <ClCompile Include="../../Assets/Build/AnimationTest.cpp">
      <Filter>Archivos de origen</Filter>
    </ClCompile>
    <ClCompile Include="../../Assets/Scripts/RotateContiniously.cpp">
      <Filter>Archivos de origen</Filter>
    </ClCompile>
    <ClCompile Include="../../Assets/Scripts/ParticleTest.cpp">
      <Filter>Archivos de origen</Filter>
    </ClCompile>
    <ClCompile Include="..\..\Assets\Scripts\Shooting\Guns\PlayerSemiAuto.cpp">
      <Filter>Archivos de origen</Filter>
    </ClCompile>
    <ClCompile Include="..\..\Assets\Scripts\Player\PlayerStats.cpp">
      <Filter>Archivos de origen</Filter>
    </ClCompile>
    <ClCompile Include="..\..\Assets\Scripts\TestAPI.cpp">
      <Filter>Archivos de origen</Filter>
    </ClCompile>
    <ClCompile Include="..\..\Assets\Scripts\Enemies\EnemyMeleeMovement.cpp">
      <Filter>Archivos de origen</Filter>
    </ClCompile>
    <ClCompile Include="..\..\Assets\Scripts\Player\PlayerMove.cpp">
      <Filter>Archivos de origen</Filter>
    </ClCompile>
    <ClCompile Include="..\..\Assets\Scripts\Shooting\Guns\PlayerAutomatic.cpp">
      <Filter>Archivos de origen</Filter>
    </ClCompile>
    <ClCompile Include="..\..\Assets\Scripts\Shooting\Guns\PlayerBurst.cpp">
      <Filter>Archivos de origen</Filter>
    </ClCompile>
    <ClCompile Include="..\..\Assets\Scripts\Shooting\Guns\PlayerDuals.cpp">
      <Filter>Archivos de origen</Filter>
    </ClCompile>
    <ClCompile Include="..\..\Assets\Scripts\Shooting\Guns\PlayerFlamethrower.cpp">
      <Filter>Archivos de origen</Filter>
    </ClCompile>
    <ClCompile Include="..\..\Assets\Scripts\Shooting\Guns\PlayerRicochet.cpp">
      <Filter>Archivos de origen</Filter>
    </ClCompile>
    <ClCompile Include="..\..\Assets\Scripts\Shooting\Guns\PlayerShotgun.cpp">
      <Filter>Archivos de origen</Filter>
    </ClCompile>
    <ClCompile Include="..\..\Assets\Scripts\InteractiveEnviroment\ChestTest.cpp">
      <Filter>Archivos de origen</Filter>
    </ClCompile>
  </ItemGroup>
  <ItemGroup>
    <ClInclude Include="Macro.h">
      <Filter>Archivos de encabezado</Filter>
    </ClInclude>
    <ClInclude Include="../../Assets/Scripts/transformTest.h">
      <Filter>Archivos de encabezado</Filter>
    </ClInclude>
    <ClInclude Include="../../Assets/Scripts/BulletBehavior.h">
      <Filter>Archivos de encabezado</Filter>
    </ClInclude>
    <ClInclude Include="../../Assets/Scripts/TankScript.h">
      <Filter>Archivos de encabezado</Filter>
    </ClInclude>
    <ClInclude Include="../../Assets/Scripts/HouseBehavior.h">
      <Filter>Archivos de encabezado</Filter>
    </ClInclude>
    <ClInclude Include="../../Assets/Scripts/GamePadTest.h">
      <Filter>Archivos de encabezado</Filter>
    </ClInclude>
    <ClInclude Include="../../Assets/Scripts/PlayerKeyboardMovement.h">
      <Filter>Archivos de encabezado</Filter>
    </ClInclude>
    <ClInclude Include="../../Assets/Scripts/PlayerGamepadMovement.h">
      <Filter>Archivos de encabezado</Filter>
    </ClInclude>
    <ClInclude Include="../../Assets/Scripts/Enemies/Enemy.h">
      <Filter>Archivos de encabezado</Filter>
    </ClInclude>
    <ClInclude Include="../../Assets/Scripts/CollisionTestScript.h">
      <Filter>Archivos de encabezado</Filter>
    </ClInclude>
    <ClInclude Include="../../Assets/Scripts/CamMov.h">
      <Filter>Archivos de encabezado</Filter>
    </ClInclude>
    <ClInclude Include="../../Assets/Scripts/SwapCam.h">
      <Filter>Archivos de encabezado</Filter>
    </ClInclude>
    <ClInclude Include="../../Assets/Scripts/StarShipCamMov.h">
      <Filter>Archivos de encabezado</Filter>
    </ClInclude>
    <ClInclude Include="../../Assets/Scripts/Shooting/PlayerGunManager.h">
      <Filter>Archivos de encabezado</Filter>
    </ClInclude>
    <ClInclude Include="../../Assets/Scripts/Shooting/PlayerGun.h">
      <Filter>Archivos de encabezado</Filter>
    </ClInclude>
    <ClInclude Include="../../Assets/Scripts/Shooting/PlayerGunType.h">
      <Filter>Archivos de encabezado</Filter>
    </ClInclude>
    <ClInclude Include="../../Assets/Scripts/Shooting/ProjectilePull.h">
      <Filter>Archivos de encabezado</Filter>
    </ClInclude>
    <ClInclude Include="../../Assets/Scripts/Shooting/Projectile.h">
      <Filter>Archivos de encabezado</Filter>
    </ClInclude>
    <ClInclude Include="../../Assets/Build/AnimationTest.h">
      <Filter>Archivos de encabezado</Filter>
    </ClInclude>
    <ClInclude Include="../../Assets/Scripts/RotateContiniously.h">
      <Filter>Archivos de encabezado</Filter>
    </ClInclude>
    <ClInclude Include="../../Assets/Scripts/ParticleTest.h">
      <Filter>Archivos de encabezado</Filter>
    </ClInclude>
    <ClInclude Include="..\..\Assets\Scripts\Shooting\Guns\PlayerSemiAuto.h">
      <Filter>Archivos de encabezado</Filter>
    </ClInclude>
    <ClInclude Include="..\..\Assets\Scripts\Player\PlayerStats.h">
      <Filter>Archivos de encabezado</Filter>
    </ClInclude>
    <ClInclude Include="..\..\Assets\Scripts\TestAPI.h">
      <Filter>Archivos de encabezado</Filter>
    </ClInclude>
    <ClInclude Include="..\..\Assets\Scripts\Enemies\EnemyMeleeMovement.h">
      <Filter>Archivos de encabezado</Filter>
    </ClInclude>
    <ClInclude Include="..\..\Assets\Scripts\Player\PlayerMove.h">
      <Filter>Archivos de encabezado</Filter>
    </ClInclude>
    <ClInclude Include="..\..\Assets\Scripts\Shooting\Guns\PlayerAutomatic.h">
      <Filter>Archivos de encabezado</Filter>
    </ClInclude>
    <ClInclude Include="..\..\Assets\Scripts\Shooting\Guns\PlayerBurst.h">
      <Filter>Archivos de encabezado</Filter>
    </ClInclude>
    <ClInclude Include="..\..\Assets\Scripts\Shooting\Guns\PlayerDuals.h">
      <Filter>Archivos de encabezado</Filter>
    </ClInclude>
    <ClInclude Include="..\..\Assets\Scripts\Shooting\Guns\PlayerFlamethrower.h">
      <Filter>Archivos de encabezado</Filter>
    </ClInclude>
    <ClInclude Include="..\..\Assets\Scripts\Shooting\Guns\PlayerRicochet.h">
      <Filter>Archivos de encabezado</Filter>
    </ClInclude>
    <ClInclude Include="..\..\Assets\Scripts\Shooting\Guns\PlayerShotgun.h">
      <Filter>Archivos de encabezado</Filter>
    </ClInclude>
    <ClInclude Include="..\..\Assets\Scripts\InteractiveEnviroment\ChestTest.h">
      <Filter>Archivos de encabezado</Filter>
    </ClInclude>
  </ItemGroup>
</Project>