
Microsoft Visual Studio Solution File, Format Version 12.00
# Visual Studio Version 16
VisualStudioVersion = 16.0.32228.343
MinimumVisualStudioVersion = 10.0.40219.1
Project("{8BC9CEB8-8B4A-11D0-8D11-00A0C91BC942}") = "HelloAPI", "Source\HelloAPI.vcxproj", "{A5A13813-DB02-41B7-BBB2-42B51AE43A1C}"
EndProject
Global
	GlobalSection(SolutionConfigurationPlatforms) = preSolution
		Debug|x86 = Debug|x86
		Release|x86 = Release|x86
	EndGlobalSection
	GlobalSection(ProjectConfigurationPlatforms) = postSolution
		{A5A13813-DB02-41B7-BBB2-42B51AE43A1C}.Debug|x86.ActiveCfg = Debug|Win32
		{A5A13813-DB02-41B7-BBB2-42B51AE43A1C}.Debug|x86.Build.0 = Debug|Win32
		{A5A13813-DB02-41B7-BBB2-42B51AE43A1C}.Release|x86.ActiveCfg = Release|Win32
		{A5A13813-DB02-41B7-BBB2-42B51AE43A1C}.Release|x86.Build.0 = Release|Win32
	EndGlobalSection
	GlobalSection(SolutionProperties) = preSolution
		HideSolutionNode = FALSE
	EndGlobalSection
	GlobalSection(ExtensibilityGlobals) = postSolution
		SolutionGuid = {B3AF622F-8D28-47D5-90F3-0F62EF9243C9}
	EndGlobalSection
EndGlobal
